// !$*UTF8*$!
{
	archiveVersion = 1;
	classes = {
	};
	objectVersion = 56;
	objects = {

/* Begin PBXBuildFile section */
		A6A560BC2CCD91A400996424 /* AppDelegate.swift in Sources */ = {isa = PBXBuildFile; fileRef = A6A560BB2CCD91A400996424 /* AppDelegate.swift */; };
		A6A560BE2CCD91A400996424 /* SceneDelegate.swift in Sources */ = {isa = PBXBuildFile; fileRef = A6A560BD2CCD91A400996424 /* SceneDelegate.swift */; };
		A6A560C02CCD91A400996424 /* ViewController.swift in Sources */ = {isa = PBXBuildFile; fileRef = A6A560BF2CCD91A400996424 /* ViewController.swift */; };
		A6A560C32CCD91A400996424 /* Main.storyboard in Resources */ = {isa = PBXBuildFile; fileRef = A6A560C12CCD91A400996424 /* Main.storyboard */; };
		A6A560C52CCD91A400996424 /* Assets.xcassets in Resources */ = {isa = PBXBuildFile; fileRef = A6A560C42CCD91A400996424 /* Assets.xcassets */; };
		A6A560C82CCD91A400996424 /* LaunchScreen.storyboard in Resources */ = {isa = PBXBuildFile; fileRef = A6A560C62CCD91A400996424 /* LaunchScreen.storyboard */; };
		A6A560D32CCD91A500996424 /* myfunpaceTests.swift in Sources */ = {isa = PBXBuildFile; fileRef = A6A560D22CCD91A500996424 /* myfunpaceTests.swift */; };
		A6A560DD2CCD91A500996424 /* myfunpaceUITests.swift in Sources */ = {isa = PBXBuildFile; fileRef = A6A560DC2CCD91A500996424 /* myfunpaceUITests.swift */; };
		A6A560DF2CCD91A500996424 /* myfunpaceUITestsLaunchTests.swift in Sources */ = {isa = PBXBuildFile; fileRef = A6A560DE2CCD91A500996424 /* myfunpaceUITestsLaunchTests.swift */; };
/* End PBXBuildFile section */

/* Begin PBXContainerItemProxy section */
		A6A560CF2CCD91A500996424 /* PBXContainerItemProxy */ = {
			isa = PBXContainerItemProxy;
			containerPortal = A6A560B02CCD91A400996424 /* Project object */;
			proxyType = 1;
			remoteGlobalIDString = A6A560B72CCD91A400996424;
			remoteInfo = myfunpace;
		};
		A6A560D92CCD91A500996424 /* PBXContainerItemProxy */ = {
			isa = PBXContainerItemProxy;
			containerPortal = A6A560B02CCD91A400996424 /* Project object */;
			proxyType = 1;
			remoteGlobalIDString = A6A560B72CCD91A400996424;
			remoteInfo = myfunpace;
		};
/* End PBXContainerItemProxy section */

/* Begin PBXFileReference section */
		A6A560B82CCD91A400996424 /* myfunpace.app */ = {isa = PBXFileReference; explicitFileType = wrapper.application; includeInIndex = 0; path = myfunpace.app; sourceTree = BUILT_PRODUCTS_DIR; };
		A6A560BB2CCD91A400996424 /* AppDelegate.swift */ = {isa = PBXFileReference; lastKnownFileType = sourcecode.swift; path = AppDelegate.swift; sourceTree = "<group>"; };
		A6A560BD2CCD91A400996424 /* SceneDelegate.swift */ = {isa = PBXFileReference; lastKnownFileType = sourcecode.swift; path = SceneDelegate.swift; sourceTree = "<group>"; };
		A6A560BF2CCD91A400996424 /* ViewController.swift */ = {isa = PBXFileReference; lastKnownFileType = sourcecode.swift; path = ViewController.swift; sourceTree = "<group>"; };
		A6A560C22CCD91A400996424 /* Base */ = {isa = PBXFileReference; lastKnownFileType = file.storyboard; name = Base; path = Base.lproj/Main.storyboard; sourceTree = "<group>"; };
		A6A560C42CCD91A400996424 /* Assets.xcassets */ = {isa = PBXFileReference; lastKnownFileType = folder.assetcatalog; path = Assets.xcassets; sourceTree = "<group>"; };
		A6A560C72CCD91A400996424 /* Base */ = {isa = PBXFileReference; lastKnownFileType = file.storyboard; name = Base; path = Base.lproj/LaunchScreen.storyboard; sourceTree = "<group>"; };
		A6A560C92CCD91A400996424 /* Info.plist */ = {isa = PBXFileReference; lastKnownFileType = text.plist.xml; path = Info.plist; sourceTree = "<group>"; };
		A6A560CE2CCD91A500996424 /* myfunpaceTests.xctest */ = {isa = PBXFileReference; explicitFileType = wrapper.cfbundle; includeInIndex = 0; path = myfunpaceTests.xctest; sourceTree = BUILT_PRODUCTS_DIR; };
		A6A560D22CCD91A500996424 /* myfunpaceTests.swift */ = {isa = PBXFileReference; lastKnownFileType = sourcecode.swift; path = myfunpaceTests.swift; sourceTree = "<group>"; };
		A6A560D82CCD91A500996424 /* myfunpaceUITests.xctest */ = {isa = PBXFileReference; explicitFileType = wrapper.cfbundle; includeInIndex = 0; path = myfunpaceUITests.xctest; sourceTree = BUILT_PRODUCTS_DIR; };
		A6A560DC2CCD91A500996424 /* myfunpaceUITests.swift */ = {isa = PBXFileReference; lastKnownFileType = sourcecode.swift; path = myfunpaceUITests.swift; sourceTree = "<group>"; };
		A6A560DE2CCD91A500996424 /* myfunpaceUITestsLaunchTests.swift */ = {isa = PBXFileReference; lastKnownFileType = sourcecode.swift; path = myfunpaceUITestsLaunchTests.swift; sourceTree = "<group>"; };
/* End PBXFileReference section */

/* Begin PBXFrameworksBuildPhase section */
		A6A560B52CCD91A400996424 /* Frameworks */ = {
			isa = PBXFrameworksBuildPhase;
			buildActionMask = 2147483647;
			files = (
			);
			runOnlyForDeploymentPostprocessing = 0;
		};
		A6A560CB2CCD91A500996424 /* Frameworks */ = {
			isa = PBXFrameworksBuildPhase;
			buildActionMask = 2147483647;
			files = (
			);
			runOnlyForDeploymentPostprocessing = 0;
		};
		A6A560D52CCD91A500996424 /* Frameworks */ = {
			isa = PBXFrameworksBuildPhase;
			buildActionMask = 2147483647;
			files = (
			);
			runOnlyForDeploymentPostprocessing = 0;
		};
/* End PBXFrameworksBuildPhase section */

/* Begin PBXGroup section */
		A6A560AF2CCD91A400996424 = {
			isa = PBXGroup;
			children = (
				A6A560BA2CCD91A400996424 /* myfunpace */,
				A6A560D12CCD91A500996424 /* myfunpaceTests */,
				A6A560DB2CCD91A500996424 /* myfunpaceUITests */,
				A6A560B92CCD91A400996424 /* Products */,
			);
			sourceTree = "<group>";
		};
		A6A560B92CCD91A400996424 /* Products */ = {
			isa = PBXGroup;
			children = (
				A6A560B82CCD91A400996424 /* myfunpace.app */,
				A6A560CE2CCD91A500996424 /* myfunpaceTests.xctest */,
				A6A560D82CCD91A500996424 /* myfunpaceUITests.xctest */,
			);
			name = Products;
			sourceTree = "<group>";
		};
		A6A560BA2CCD91A400996424 /* myfunpace */ = {
			isa = PBXGroup;
			children = (
				A6A560BB2CCD91A400996424 /* AppDelegate.swift */,
				A6A560BD2CCD91A400996424 /* SceneDelegate.swift */,
				A6A560BF2CCD91A400996424 /* ViewController.swift */,
				A6A560C12CCD91A400996424 /* Main.storyboard */,
				A6A560C42CCD91A400996424 /* Assets.xcassets */,
				A6A560C62CCD91A400996424 /* LaunchScreen.storyboard */,
				A6A560C92CCD91A400996424 /* Info.plist */,
			);
			path = myfunpace;
			sourceTree = "<group>";
		};
		A6A560D12CCD91A500996424 /* myfunpaceTests */ = {
			isa = PBXGroup;
			children = (
				A6A560D22CCD91A500996424 /* myfunpaceTests.swift */,
			);
			path = myfunpaceTests;
			sourceTree = "<group>";
		};
		A6A560DB2CCD91A500996424 /* myfunpaceUITests */ = {
			isa = PBXGroup;
			children = (
				A6A560DC2CCD91A500996424 /* myfunpaceUITests.swift */,
				A6A560DE2CCD91A500996424 /* myfunpaceUITestsLaunchTests.swift */,
			);
			path = myfunpaceUITests;
			sourceTree = "<group>";
		};
/* End PBXGroup section */

/* Begin PBXNativeTarget section */
		A6A560B72CCD91A400996424 /* myfunpace */ = {
			isa = PBXNativeTarget;
			buildConfigurationList = A6A560E22CCD91A500996424 /* Build configuration list for PBXNativeTarget "myfunpace" */;
			buildPhases = (
				A6A560B42CCD91A400996424 /* Sources */,
				A6A560B52CCD91A400996424 /* Frameworks */,
				A6A560B62CCD91A400996424 /* Resources */,
			);
			buildRules = (
			);
			dependencies = (
			);
			name = myfunpace;
			productName = myfunpace;
			productReference = A6A560B82CCD91A400996424 /* myfunpace.app */;
			productType = "com.apple.product-type.application";
		};
		A6A560CD2CCD91A500996424 /* myfunpaceTests */ = {
			isa = PBXNativeTarget;
			buildConfigurationList = A6A560E52CCD91A500996424 /* Build configuration list for PBXNativeTarget "myfunpaceTests" */;
			buildPhases = (
				A6A560CA2CCD91A500996424 /* Sources */,
				A6A560CB2CCD91A500996424 /* Frameworks */,
				A6A560CC2CCD91A500996424 /* Resources */,
			);
			buildRules = (
			);
			dependencies = (
				A6A560D02CCD91A500996424 /* PBXTargetDependency */,
			);
			name = myfunpaceTests;
			productName = myfunpaceTests;
			productReference = A6A560CE2CCD91A500996424 /* myfunpaceTests.xctest */;
			productType = "com.apple.product-type.bundle.unit-test";
		};
		A6A560D72CCD91A500996424 /* myfunpaceUITests */ = {
			isa = PBXNativeTarget;
			buildConfigurationList = A6A560E82CCD91A500996424 /* Build configuration list for PBXNativeTarget "myfunpaceUITests" */;
			buildPhases = (
				A6A560D42CCD91A500996424 /* Sources */,
				A6A560D52CCD91A500996424 /* Frameworks */,
				A6A560D62CCD91A500996424 /* Resources */,
			);
			buildRules = (
			);
			dependencies = (
				A6A560DA2CCD91A500996424 /* PBXTargetDependency */,
			);
			name = myfunpaceUITests;
			productName = myfunpaceUITests;
			productReference = A6A560D82CCD91A500996424 /* myfunpaceUITests.xctest */;
			productType = "com.apple.product-type.bundle.ui-testing";
		};
/* End PBXNativeTarget section */

/* Begin PBXProject section */
		A6A560B02CCD91A400996424 /* Project object */ = {
			isa = PBXProject;
			attributes = {
				BuildIndependentTargetsInParallel = 1;
				LastSwiftUpdateCheck = 1500;
				LastUpgradeCheck = 1500;
				TargetAttributes = {
					A6A560B72CCD91A400996424 = {
						CreatedOnToolsVersion = 15.0.1;
					};
					A6A560CD2CCD91A500996424 = {
						CreatedOnToolsVersion = 15.0.1;
						TestTargetID = A6A560B72CCD91A400996424;
					};
					A6A560D72CCD91A500996424 = {
						CreatedOnToolsVersion = 15.0.1;
						TestTargetID = A6A560B72CCD91A400996424;
					};
				};
			};
			buildConfigurationList = A6A560B32CCD91A400996424 /* Build configuration list for PBXProject "myfunpace" */;
			compatibilityVersion = "Xcode 14.0";
			developmentRegion = en;
			hasScannedForEncodings = 0;
			knownRegions = (
				en,
				Base,
			);
			mainGroup = A6A560AF2CCD91A400996424;
			productRefGroup = A6A560B92CCD91A400996424 /* Products */;
			projectDirPath = "";
			projectRoot = "";
			targets = (
				A6A560B72CCD91A400996424 /* myfunpace */,
				A6A560CD2CCD91A500996424 /* myfunpaceTests */,
				A6A560D72CCD91A500996424 /* myfunpaceUITests */,
			);
		};
/* End PBXProject section */

/* Begin PBXResourcesBuildPhase section */
		A6A560B62CCD91A400996424 /* Resources */ = {
			isa = PBXResourcesBuildPhase;
			buildActionMask = 2147483647;
			files = (
				A6A560C82CCD91A400996424 /* LaunchScreen.storyboard in Resources */,
				A6A560C52CCD91A400996424 /* Assets.xcassets in Resources */,
				A6A560C32CCD91A400996424 /* Main.storyboard in Resources */,
			);
			runOnlyForDeploymentPostprocessing = 0;
		};
		A6A560CC2CCD91A500996424 /* Resources */ = {
			isa = PBXResourcesBuildPhase;
			buildActionMask = 2147483647;
			files = (
			);
			runOnlyForDeploymentPostprocessing = 0;
		};
		A6A560D62CCD91A500996424 /* Resources */ = {
			isa = PBXResourcesBuildPhase;
			buildActionMask = 2147483647;
			files = (
			);
			runOnlyForDeploymentPostprocessing = 0;
		};
/* End PBXResourcesBuildPhase section */

/* Begin PBXSourcesBuildPhase section */
		A6A560B42CCD91A400996424 /* Sources */ = {
			isa = PBXSourcesBuildPhase;
			buildActionMask = 2147483647;
			files = (
				A6A560C02CCD91A400996424 /* ViewController.swift in Sources */,
				A6A560BC2CCD91A400996424 /* AppDelegate.swift in Sources */,
				A6A560BE2CCD91A400996424 /* SceneDelegate.swift in Sources */,
			);
			runOnlyForDeploymentPostprocessing = 0;
		};
		A6A560CA2CCD91A500996424 /* Sources */ = {
			isa = PBXSourcesBuildPhase;
			buildActionMask = 2147483647;
			files = (
				A6A560D32CCD91A500996424 /* myfunpaceTests.swift in Sources */,
			);
			runOnlyForDeploymentPostprocessing = 0;
		};
		A6A560D42CCD91A500996424 /* Sources */ = {
			isa = PBXSourcesBuildPhase;
			buildActionMask = 2147483647;
			files = (
				A6A560DD2CCD91A500996424 /* myfunpaceUITests.swift in Sources */,
				A6A560DF2CCD91A500996424 /* myfunpaceUITestsLaunchTests.swift in Sources */,
			);
			runOnlyForDeploymentPostprocessing = 0;
		};
/* End PBXSourcesBuildPhase section */

/* Begin PBXTargetDependency section */
		A6A560D02CCD91A500996424 /* PBXTargetDependency */ = {
			isa = PBXTargetDependency;
			target = A6A560B72CCD91A400996424 /* myfunpace */;
			targetProxy = A6A560CF2CCD91A500996424 /* PBXContainerItemProxy */;
		};
		A6A560DA2CCD91A500996424 /* PBXTargetDependency */ = {
			isa = PBXTargetDependency;
			target = A6A560B72CCD91A400996424 /* myfunpace */;
			targetProxy = A6A560D92CCD91A500996424 /* PBXContainerItemProxy */;
		};
/* End PBXTargetDependency section */

/* Begin PBXVariantGroup section */
		A6A560C12CCD91A400996424 /* Main.storyboard */ = {
			isa = PBXVariantGroup;
			children = (
				A6A560C22CCD91A400996424 /* Base */,
			);
			name = Main.storyboard;
			sourceTree = "<group>";
		};
		A6A560C62CCD91A400996424 /* LaunchScreen.storyboard */ = {
			isa = PBXVariantGroup;
			children = (
				A6A560C72CCD91A400996424 /* Base */,
			);
			name = LaunchScreen.storyboard;
			sourceTree = "<group>";
		};
/* End PBXVariantGroup section */

/* Begin XCBuildConfiguration section */
		A6A560E02CCD91A500996424 /* Debug */ = {
			isa = XCBuildConfiguration;
			buildSettings = {
				ALWAYS_SEARCH_USER_PATHS = NO;
				ASSETCATALOG_COMPILER_GENERATE_SWIFT_ASSET_SYMBOL_EXTENSIONS = YES;
				CLANG_ANALYZER_NONNULL = YES;
				CLANG_ANALYZER_NUMBER_OBJECT_CONVERSION = YES_AGGRESSIVE;
				CLANG_CXX_LANGUAGE_STANDARD = "gnu++20";
				CLANG_ENABLE_MODULES = YES;
				CLANG_ENABLE_OBJC_ARC = YES;
				CLANG_ENABLE_OBJC_WEAK = YES;
				CLANG_WARN_BLOCK_CAPTURE_AUTORELEASING = YES;
				CLANG_WARN_BOOL_CONVERSION = YES;
				CLANG_WARN_COMMA = YES;
				CLANG_WARN_CONSTANT_CONVERSION = YES;
				CLANG_WARN_DEPRECATED_OBJC_IMPLEMENTATIONS = YES;
				CLANG_WARN_DIRECT_OBJC_ISA_USAGE = YES_ERROR;
				CLANG_WARN_DOCUMENTATION_COMMENTS = YES;
				CLANG_WARN_EMPTY_BODY = YES;
				CLANG_WARN_ENUM_CONVERSION = YES;
				CLANG_WARN_INFINITE_RECURSION = YES;
				CLANG_WARN_INT_CONVERSION = YES;
				CLANG_WARN_NON_LITERAL_NULL_CONVERSION = YES;
				CLANG_WARN_OBJC_IMPLICIT_RETAIN_SELF = YES;
				CLANG_WARN_OBJC_LITERAL_CONVERSION = YES;
				CLANG_WARN_OBJC_ROOT_CLASS = YES_ERROR;
				CLANG_WARN_QUOTED_INCLUDE_IN_FRAMEWORK_HEADER = YES;
				CLANG_WARN_RANGE_LOOP_ANALYSIS = YES;
				CLANG_WARN_STRICT_PROTOTYPES = YES;
				CLANG_WARN_SUSPICIOUS_MOVE = YES;
				CLANG_WARN_UNGUARDED_AVAILABILITY = YES_AGGRESSIVE;
				CLANG_WARN_UNREACHABLE_CODE = YES;
				CLANG_WARN__DUPLICATE_METHOD_MATCH = YES;
				COPY_PHASE_STRIP = NO;
				DEBUG_INFORMATION_FORMAT = dwarf;
				ENABLE_STRICT_OBJC_MSGSEND = YES;
				ENABLE_TESTABILITY = YES;
				ENABLE_USER_SCRIPT_SANDBOXING = YES;
				GCC_C_LANGUAGE_STANDARD = gnu17;
				GCC_DYNAMIC_NO_PIC = NO;
				GCC_NO_COMMON_BLOCKS = YES;
				GCC_OPTIMIZATION_LEVEL = 0;
				GCC_PREPROCESSOR_DEFINITIONS = (
					"DEBUG=1",
					"$(inherited)",
				);
				GCC_WARN_64_TO_32_BIT_CONVERSION = YES;
				GCC_WARN_ABOUT_RETURN_TYPE = YES_ERROR;
				GCC_WARN_UNDECLARED_SELECTOR = YES;
				GCC_WARN_UNINITIALIZED_AUTOS = YES_AGGRESSIVE;
				GCC_WARN_UNUSED_FUNCTION = YES;
				GCC_WARN_UNUSED_VARIABLE = YES;
				IPHONEOS_DEPLOYMENT_TARGET = 17.0;
				LOCALIZATION_PREFERS_STRING_CATALOGS = YES;
				MTL_ENABLE_DEBUG_INFO = INCLUDE_SOURCE;
				MTL_FAST_MATH = YES;
				ONLY_ACTIVE_ARCH = YES;
				SDKROOT = iphoneos;
				SWIFT_ACTIVE_COMPILATION_CONDITIONS = "DEBUG $(inherited)";
				SWIFT_OPTIMIZATION_LEVEL = "-Onone";
			};
			name = Debug;
		};
		A6A560E12CCD91A500996424 /* Release */ = {
			isa = XCBuildConfiguration;
			buildSettings = {
				ALWAYS_SEARCH_USER_PATHS = NO;
				ASSETCATALOG_COMPILER_GENERATE_SWIFT_ASSET_SYMBOL_EXTENSIONS = YES;
				CLANG_ANALYZER_NONNULL = YES;
				CLANG_ANALYZER_NUMBER_OBJECT_CONVERSION = YES_AGGRESSIVE;
				CLANG_CXX_LANGUAGE_STANDARD = "gnu++20";
				CLANG_ENABLE_MODULES = YES;
				CLANG_ENABLE_OBJC_ARC = YES;
				CLANG_ENABLE_OBJC_WEAK = YES;
				CLANG_WARN_BLOCK_CAPTURE_AUTORELEASING = YES;
				CLANG_WARN_BOOL_CONVERSION = YES;
				CLANG_WARN_COMMA = YES;
				CLANG_WARN_CONSTANT_CONVERSION = YES;
				CLANG_WARN_DEPRECATED_OBJC_IMPLEMENTATIONS = YES;
				CLANG_WARN_DIRECT_OBJC_ISA_USAGE = YES_ERROR;
				CLANG_WARN_DOCUMENTATION_COMMENTS = YES;
				CLANG_WARN_EMPTY_BODY = YES;
				CLANG_WARN_ENUM_CONVERSION = YES;
				CLANG_WARN_INFINITE_RECURSION = YES;
				CLANG_WARN_INT_CONVERSION = YES;
				CLANG_WARN_NON_LITERAL_NULL_CONVERSION = YES;
				CLANG_WARN_OBJC_IMPLICIT_RETAIN_SELF = YES;
				CLANG_WARN_OBJC_LITERAL_CONVERSION = YES;
				CLANG_WARN_OBJC_ROOT_CLASS = YES_ERROR;
				CLANG_WARN_QUOTED_INCLUDE_IN_FRAMEWORK_HEADER = YES;
				CLANG_WARN_RANGE_LOOP_ANALYSIS = YES;
				CLANG_WARN_STRICT_PROTOTYPES = YES;
				CLANG_WARN_SUSPICIOUS_MOVE = YES;
				CLANG_WARN_UNGUARDED_AVAILABILITY = YES_AGGRESSIVE;
				CLANG_WARN_UNREACHABLE_CODE = YES;
				CLANG_WARN__DUPLICATE_METHOD_MATCH = YES;
				COPY_PHASE_STRIP = NO;
				DEBUG_INFORMATION_FORMAT = "dwarf-with-dsym";
				ENABLE_NS_ASSERTIONS = NO;
				ENABLE_STRICT_OBJC_MSGSEND = YES;
				ENABLE_USER_SCRIPT_SANDBOXING = YES;
				GCC_C_LANGUAGE_STANDARD = gnu17;
				GCC_NO_COMMON_BLOCKS = YES;
				GCC_WARN_64_TO_32_BIT_CONVERSION = YES;
				GCC_WARN_ABOUT_RETURN_TYPE = YES_ERROR;
				GCC_WARN_UNDECLARED_SELECTOR = YES;
				GCC_WARN_UNINITIALIZED_AUTOS = YES_AGGRESSIVE;
				GCC_WARN_UNUSED_FUNCTION = YES;
				GCC_WARN_UNUSED_VARIABLE = YES;
				IPHONEOS_DEPLOYMENT_TARGET = 17.0;
				LOCALIZATION_PREFERS_STRING_CATALOGS = YES;
				MTL_ENABLE_DEBUG_INFO = NO;
				MTL_FAST_MATH = YES;
				SDKROOT = iphoneos;
				SWIFT_COMPILATION_MODE = wholemodule;
				VALIDATE_PRODUCT = YES;
			};
			name = Release;
		};
		A6A560E32CCD91A500996424 /* Debug */ = {
			isa = XCBuildConfiguration;
			buildSettings = {
				ASSETCATALOG_COMPILER_APPICON_NAME = AppIcon;
				ASSETCATALOG_COMPILER_GLOBAL_ACCENT_COLOR_NAME = AccentColor;
				CODE_SIGN_STYLE = Automatic;
				CURRENT_PROJECT_VERSION = 1;
				DEVELOPMENT_TEAM = G6SE7832JT;
				GENERATE_INFOPLIST_FILE = YES;
				INFOPLIST_FILE = myfunpace/Info.plist;
				INFOPLIST_KEY_UIApplicationSupportsIndirectInputEvents = YES;
				INFOPLIST_KEY_UILaunchStoryboardName = LaunchScreen;
				INFOPLIST_KEY_UIMainStoryboardFile = Main;
				INFOPLIST_KEY_UISupportedInterfaceOrientations_iPad = "UIInterfaceOrientationPortrait UIInterfaceOrientationPortraitUpsideDown UIInterfaceOrientationLandscapeLeft UIInterfaceOrientationLandscapeRight";
				INFOPLIST_KEY_UISupportedInterfaceOrientations_iPhone = "UIInterfaceOrientationPortrait UIInterfaceOrientationLandscapeLeft UIInterfaceOrientationLandscapeRight";
				LD_RUNPATH_SEARCH_PATHS = (
					"$(inherited)",
					"@executable_path/Frameworks",
				);
				MARKETING_VERSION = 1.0;
				PRODUCT_BUNDLE_IDENTIFIER = com.nick.myfunpace;
				PRODUCT_NAME = "$(TARGET_NAME)";
				SWIFT_EMIT_LOC_STRINGS = YES;
				SWIFT_VERSION = 5.0;
				TARGETED_DEVICE_FAMILY = "1,2";
			};
			name = Debug;
		};
		A6A560E42CCD91A500996424 /* Release */ = {
			isa = XCBuildConfiguration;
			buildSettings = {
				ASSETCATALOG_COMPILER_APPICON_NAME = AppIcon;
				ASSETCATALOG_COMPILER_GLOBAL_ACCENT_COLOR_NAME = AccentColor;
				CODE_SIGN_STYLE = Automatic;
				CURRENT_PROJECT_VERSION = 1;
				DEVELOPMENT_TEAM = G6SE7832JT;
				GENERATE_INFOPLIST_FILE = YES;
				INFOPLIST_FILE = myfunpace/Info.plist;
				INFOPLIST_KEY_UIApplicationSupportsIndirectInputEvents = YES;
				INFOPLIST_KEY_UILaunchStoryboardName = LaunchScreen;
				INFOPLIST_KEY_UIMainStoryboardFile = Main;
				INFOPLIST_KEY_UISupportedInterfaceOrientations_iPad = "UIInterfaceOrientationPortrait UIInterfaceOrientationPortraitUpsideDown UIInterfaceOrientationLandscapeLeft UIInterfaceOrientationLandscapeRight";
				INFOPLIST_KEY_UISupportedInterfaceOrientations_iPhone = "UIInterfaceOrientationPortrait UIInterfaceOrientationLandscapeLeft UIInterfaceOrientationLandscapeRight";
				LD_RUNPATH_SEARCH_PATHS = (
					"$(inherited)",
					"@executable_path/Frameworks",
				);
				MARKETING_VERSION = 1.0;
				PRODUCT_BUNDLE_IDENTIFIER = com.nick.myfunpace;
				PRODUCT_NAME = "$(TARGET_NAME)";
				SWIFT_EMIT_LOC_STRINGS = YES;
				SWIFT_VERSION = 5.0;
				TARGETED_DEVICE_FAMILY = "1,2";
			};
			name = Release;
		};
		A6A560E62CCD91A500996424 /* Debug */ = {
			isa = XCBuildConfiguration;
			buildSettings = {
				ALWAYS_EMBED_SWIFT_STANDARD_LIBRARIES = YES;
				BUNDLE_LOADER = "$(TEST_HOST)";
				CODE_SIGN_STYLE = Automatic;
				CURRENT_PROJECT_VERSION = 1;
				DEVELOPMENT_TEAM = G6SE7832JT;
				GENERATE_INFOPLIST_FILE = YES;
				IPHONEOS_DEPLOYMENT_TARGET = 17.0;
				MARKETING_VERSION = 1.0;
				PRODUCT_BUNDLE_IDENTIFIER = com.nick.myfunpaceTests;
				PRODUCT_NAME = "$(TARGET_NAME)";
				SWIFT_EMIT_LOC_STRINGS = NO;
				SWIFT_VERSION = 5.0;
				TARGETED_DEVICE_FAMILY = "1,2";
				TEST_HOST = "$(BUILT_PRODUCTS_DIR)/myfunpace.app/$(BUNDLE_EXECUTABLE_FOLDER_PATH)/myfunpace";
			};
			name = Debug;
		};
		A6A560E72CCD91A500996424 /* Release */ = {
			isa = XCBuildConfiguration;
			buildSettings = {
				ALWAYS_EMBED_SWIFT_STANDARD_LIBRARIES = YES;
				BUNDLE_LOADER = "$(TEST_HOST)";
				CODE_SIGN_STYLE = Automatic;
				CURRENT_PROJECT_VERSION = 1;
				DEVELOPMENT_TEAM = G6SE7832JT;
				GENERATE_INFOPLIST_FILE = YES;
				IPHONEOS_DEPLOYMENT_TARGET = 17.0;
				MARKETING_VERSION = 1.0;
				PRODUCT_BUNDLE_IDENTIFIER = com.nick.myfunpaceTests;
				PRODUCT_NAME = "$(TARGET_NAME)";
				SWIFT_EMIT_LOC_STRINGS = NO;
				SWIFT_VERSION = 5.0;
				TARGETED_DEVICE_FAMILY = "1,2";
				TEST_HOST = "$(BUILT_PRODUCTS_DIR)/myfunpace.app/$(BUNDLE_EXECUTABLE_FOLDER_PATH)/myfunpace";
			};
			name = Release;
		};
		A6A560E92CCD91A500996424 /* Debug */ = {
			isa = XCBuildConfiguration;
			buildSettings = {
				ALWAYS_EMBED_SWIFT_STANDARD_LIBRARIES = YES;
				CODE_SIGN_STYLE = Automatic;
				CURRENT_PROJECT_VERSION = 1;
				DEVELOPMENT_TEAM = G6SE7832JT;
				GENERATE_INFOPLIST_FILE = YES;
				MARKETING_VERSION = 1.0;
				PRODUCT_BUNDLE_IDENTIFIER = com.nick.myfunpaceUITests;
				PRODUCT_NAME = "$(TARGET_NAME)";
				SWIFT_EMIT_LOC_STRINGS = NO;
				SWIFT_VERSION = 5.0;
				TARGETED_DEVICE_FAMILY = "1,2";
				TEST_TARGET_NAME = myfunpace;
			};
			name = Debug;
		};
		A6A560EA2CCD91A500996424 /* Release */ = {
			isa = XCBuildConfiguration;
			buildSettings = {
				ALWAYS_EMBED_SWIFT_STANDARD_LIBRARIES = YES;
				CODE_SIGN_STYLE = Automatic;
				CURRENT_PROJECT_VERSION = 1;
				DEVELOPMENT_TEAM = G6SE7832JT;
				GENERATE_INFOPLIST_FILE = YES;
				MARKETING_VERSION = 1.0;
				PRODUCT_BUNDLE_IDENTIFIER = com.nick.myfunpaceUITests;
				PRODUCT_NAME = "$(TARGET_NAME)";
				SWIFT_EMIT_LOC_STRINGS = NO;
				SWIFT_VERSION = 5.0;
				TARGETED_DEVICE_FAMILY = "1,2";
				TEST_TARGET_NAME = myfunpace;
			};
			name = Release;
		};
/* End XCBuildConfiguration section */

/* Begin XCConfigurationList section */
		A6A560B32CCD91A400996424 /* Build configuration list for PBXProject "myfunpace" */ = {
			isa = XCConfigurationList;
			buildConfigurations = (
				A6A560E02CCD91A500996424 /* Debug */,
				A6A560E12CCD91A500996424 /* Release */,
			);
			defaultConfigurationIsVisible = 0;
			defaultConfigurationName = Release;
		};
		A6A560E22CCD91A500996424 /* Build configuration list for PBXNativeTarget "myfunpace" */ = {
			isa = XCConfigurationList;
			buildConfigurations = (
				A6A560E32CCD91A500996424 /* Debug */,
				A6A560E42CCD91A500996424 /* Release */,
			);
			defaultConfigurationIsVisible = 0;
			defaultConfigurationName = Release;
		};
		A6A560E52CCD91A500996424 /* Build configuration list for PBXNativeTarget "myfunpaceTests" */ = {
			isa = XCConfigurationList;
			buildConfigurations = (
				A6A560E62CCD91A500996424 /* Debug */,
				A6A560E72CCD91A500996424 /* Release */,
			);
			defaultConfigurationIsVisible = 0;
			defaultConfigurationName = Release;
		};
		A6A560E82CCD91A500996424 /* Build configuration list for PBXNativeTarget "myfunpaceUITests" */ = {
			isa = XCConfigurationList;
			buildConfigurations = (
				A6A560E92CCD91A500996424 /* Debug */,
				A6A560EA2CCD91A500996424 /* Release */,
			);
			defaultConfigurationIsVisible = 0;
			defaultConfigurationName = Release;
		};
/* End XCConfigurationList section */
	};
	rootObject = A6A560B02CCD91A400996424 /* Project object */;
}
